
Microsoft Visual Studio Solution File, Format Version 12.00
# Visual Studio Version 17
VisualStudioVersion = 17.6.33829.357
MinimumVisualStudioVersion = 10.0.40219.1
Project("{FAE04EC0-301F-11D3-BF4B-00C04F79EFBC}") = "KATA_Front_BFF", "KATA_Front_BFF\KATA_Front_BFF.csproj", "{1CBAEF09-E5A7-4153-A1C6-BB0807A1CAB2}"
EndProject
Global
	GlobalSection(SolutionConfigurationPlatforms) = preSolution
		Debug|Any CPU = Debug|Any CPU
		Release|Any CPU = Release|Any CPU
	EndGlobalSection
	GlobalSection(ProjectConfigurationPlatforms) = postSolution
		{1CBAEF09-E5A7-4153-A1C6-BB0807A1CAB2}.Debug|Any CPU.ActiveCfg = Debug|Any CPU
		{1CBAEF09-E5A7-4153-A1C6-BB0807A1CAB2}.Debug|Any CPU.Build.0 = Debug|Any CPU
		{1CBAEF09-E5A7-4153-A1C6-BB0807A1CAB2}.Release|Any CPU.ActiveCfg = Release|Any CPU
		{1CBAEF09-E5A7-4153-A1C6-BB0807A1CAB2}.Release|Any CPU.Build.0 = Release|Any CPU
	EndGlobalSection
	GlobalSection(SolutionProperties) = preSolution
		HideSolutionNode = FALSE
	EndGlobalSection
	GlobalSection(ExtensibilityGlobals) = postSolution
		SolutionGuid = {69C324F6-5595-4F45-808F-2255B5860DE0}
	EndGlobalSection
EndGlobal
